
Microsoft Visual Studio Solution File, Format Version 12.00
# Visual Studio Version 17
VisualStudioVersion = 17.5.002.0
MinimumVisualStudioVersion = 10.0.40219.1
Project("{9A19103F-16F7-4668-BE54-9A1E7A4F7556}") = "BlazorAsetPemda", "BlazorAsetPemda.csproj", "{38D20E7E-4355-41AE-8348-F618160D2301}"
EndProject
Global
	GlobalSection(SolutionConfigurationPlatforms) = preSolution
		Debug|Any CPU = Debug|Any CPU
		Release|Any CPU = Release|Any CPU
	EndGlobalSection
	GlobalSection(ProjectConfigurationPlatforms) = postSolution
		{38D20E7E-4355-41AE-8348-F618160D2301}.Debug|Any CPU.ActiveCfg = Debug|Any CPU
		{38D20E7E-4355-41AE-8348-F618160D2301}.Debug|Any CPU.Build.0 = Debug|Any CPU
		{38D20E7E-4355-41AE-8348-F618160D2301}.Release|Any CPU.ActiveCfg = Release|Any CPU
		{38D20E7E-4355-41AE-8348-F618160D2301}.Release|Any CPU.Build.0 = Release|Any CPU
	EndGlobalSection
	GlobalSection(SolutionProperties) = preSolution
		HideSolutionNode = FALSE
	EndGlobalSection
	GlobalSection(ExtensibilityGlobals) = postSolution
		SolutionGuid = {A2A796EE-7B29-487C-8318-8E97661D2DC7}
	EndGlobalSection
EndGlobal
